
Microsoft Visual Studio Solution File, Format Version 12.00
# Visual Studio 15
Project("{FAE04EC0-301F-11D3-BF4B-00C04F79EFBC}") = "Lab1", "Lab1\Lab1.csproj", "{BB5218DD-F9FF-4B72-A47F-148A9B505EA2}"
EndProject
Global
	GlobalSection(SolutionConfigurationPlatforms) = preSolution
		Debug|Any CPU = Debug|Any CPU
		Release|Any CPU = Release|Any CPU
	EndGlobalSection
	GlobalSection(ProjectConfigurationPlatforms) = postSolution
		{BB5218DD-F9FF-4B72-A47F-148A9B505EA2}.Debug|Any CPU.ActiveCfg = Debug|Any CPU
		{BB5218DD-F9FF-4B72-A47F-148A9B505EA2}.Debug|Any CPU.Build.0 = Debug|Any CPU
		{BB5218DD-F9FF-4B72-A47F-148A9B505EA2}.Release|Any CPU.ActiveCfg = Release|Any CPU
		{BB5218DD-F9FF-4B72-A47F-148A9B505EA2}.Release|Any CPU.Build.0 = Release|Any CPU
	EndGlobalSection
EndGlobal
